
Microsoft Visual Studio Solution File, Format Version 12.00
# Visual Studio Version 17
VisualStudioVersion = 17.6.33815.320
MinimumVisualStudioVersion = 10.0.40219.1
Project("{9A19103F-16F7-4668-BE54-9A1E7A4F7556}") = "RecipesWeb", "RecipesWeb\RecipesWeb.csproj", "{68B5125A-F94B-49CD-A728-AAC3D6649C73}"
EndProject
Project("{9A19103F-16F7-4668-BE54-9A1E7A4F7556}") = "RecipesWeb.Model", "RecipesWeb.Model\RecipesWeb.Model.csproj", "{884FF1A2-56FA-413C-86AA-8BF8E8975630}"
EndProject
Project("{9A19103F-16F7-4668-BE54-9A1E7A4F7556}") = "RecipesWeb.Repository", "RecipesWeb.Repository\RecipesWeb.Repository.csproj", "{488251F7-0C19-4922-92DE-E245A1BDF93E}"
EndProject
Project("{9A19103F-16F7-4668-BE54-9A1E7A4F7556}") = "RecipesWeb.Service", "RecipesWeb.Service\RecipesWeb.Service.csproj", "{17752FEA-B58A-449A-8CDD-2D23C0921B77}"
EndProject
Project("{FAE04EC0-301F-11D3-BF4B-00C04F79EFBC}") = "RecipesWeb.ConsoleApp", "RecipesWeb.ConsoleApp\RecipesWeb.ConsoleApp.csproj", "{6C7B75C3-3A10-49DB-9116-81F6D7CA40F5}"
EndProject
Global
	GlobalSection(SolutionConfigurationPlatforms) = preSolution
		Debug|Any CPU = Debug|Any CPU
		Release|Any CPU = Release|Any CPU
	EndGlobalSection
	GlobalSection(ProjectConfigurationPlatforms) = postSolution
		{68B5125A-F94B-49CD-A728-AAC3D6649C73}.Debug|Any CPU.ActiveCfg = Debug|Any CPU
		{68B5125A-F94B-49CD-A728-AAC3D6649C73}.Debug|Any CPU.Build.0 = Debug|Any CPU
		{68B5125A-F94B-49CD-A728-AAC3D6649C73}.Release|Any CPU.ActiveCfg = Release|Any CPU
		{68B5125A-F94B-49CD-A728-AAC3D6649C73}.Release|Any CPU.Build.0 = Release|Any CPU
		{884FF1A2-56FA-413C-86AA-8BF8E8975630}.Debug|Any CPU.ActiveCfg = Debug|Any CPU
		{884FF1A2-56FA-413C-86AA-8BF8E8975630}.Debug|Any CPU.Build.0 = Debug|Any CPU
		{884FF1A2-56FA-413C-86AA-8BF8E8975630}.Release|Any CPU.ActiveCfg = Release|Any CPU
		{884FF1A2-56FA-413C-86AA-8BF8E8975630}.Release|Any CPU.Build.0 = Release|Any CPU
		{488251F7-0C19-4922-92DE-E245A1BDF93E}.Debug|Any CPU.ActiveCfg = Debug|Any CPU
		{488251F7-0C19-4922-92DE-E245A1BDF93E}.Debug|Any CPU.Build.0 = Debug|Any CPU
		{488251F7-0C19-4922-92DE-E245A1BDF93E}.Release|Any CPU.ActiveCfg = Release|Any CPU
		{488251F7-0C19-4922-92DE-E245A1BDF93E}.Release|Any CPU.Build.0 = Release|Any CPU
		{17752FEA-B58A-449A-8CDD-2D23C0921B77}.Debug|Any CPU.ActiveCfg = Debug|Any CPU
		{17752FEA-B58A-449A-8CDD-2D23C0921B77}.Debug|Any CPU.Build.0 = Debug|Any CPU
		{17752FEA-B58A-449A-8CDD-2D23C0921B77}.Release|Any CPU.ActiveCfg = Release|Any CPU
		{17752FEA-B58A-449A-8CDD-2D23C0921B77}.Release|Any CPU.Build.0 = Release|Any CPU
		{6C7B75C3-3A10-49DB-9116-81F6D7CA40F5}.Debug|Any CPU.ActiveCfg = Debug|Any CPU
		{6C7B75C3-3A10-49DB-9116-81F6D7CA40F5}.Debug|Any CPU.Build.0 = Debug|Any CPU
		{6C7B75C3-3A10-49DB-9116-81F6D7CA40F5}.Release|Any CPU.ActiveCfg = Release|Any CPU
		{6C7B75C3-3A10-49DB-9116-81F6D7CA40F5}.Release|Any CPU.Build.0 = Release|Any CPU
	EndGlobalSection
	GlobalSection(SolutionProperties) = preSolution
		HideSolutionNode = FALSE
	EndGlobalSection
	GlobalSection(ExtensibilityGlobals) = postSolution
		SolutionGuid = {4B6486A3-64CD-4B6D-BE12-ED0EE984B9BA}
	EndGlobalSection
EndGlobal
